{
  "name": "front-end-rss",
  "version": "1.0.0",
  "lockfileVersion": 1,
  "requires": true,
  "dependencies": {
    "async": {
      "version": "2.6.1",
      "resolved": "http://registry.npm.taobao.org/async/download/async-2.6.1.tgz",
      "integrity": "sha1-skWiPKcZMAROxT+kaqAKPofGphA=",
      "requires": {
        "lodash": "4.17.11"
      }
    },
    "clone-deep": {
      "version": "4.0.0",
      "resolved": "http://registry.npm.taobao.org/clone-deep/download/clone-deep-4.0.0.tgz",
      "integrity": "sha1-pBrlTbkEi0B9nHPnAyl6EuHf2TI=",
      "requires": {
        "kind-of": "6.0.2",
        "shallow-clone": "3.0.0"
      }
    },
    "debug": {
      "version": "4.1.0",
      "resolved": "http://registry.npm.taobao.org/debug/download/debug-4.1.0.tgz",
      "integrity": "sha1-NzaHv/pnizixzZH4YbY4UANd3Ic=",
      "requires": {
        "ms": "2.1.1"
      }
    },
    "entities": {
      "version": "1.1.1",
      "resolved": "http://registry.npm.taobao.org/entities/download/entities-1.1.1.tgz",
      "integrity": "sha1-blwtClYhtdra7O+AuQ7ftc13cvA="
    },
    "kind-of": {
      "version": "6.0.2",
      "resolved": "http://registry.npm.taobao.org/kind-of/download/kind-of-6.0.2.tgz",
      "integrity": "sha1-ARRrNqYhjmTljzqNZt5df8b20FE="
    },
    "later": {
      "version": "1.2.0",
      "resolved": "http://registry.npm.taobao.org/later/download/later-1.2.0.tgz",
      "integrity": "sha1-8s9sTdeVbdL1IK3wMpg26YdrrQ8="
    },
    "lodash": {
      "version": "4.17.11",
      "resolved": "http://registry.npm.taobao.org/lodash/download/lodash-4.17.11.tgz",
      "integrity": "sha1-s56mIp72B+zYniyN8SU2iRysm40="
    },
    "moment": {
      "version": "2.22.2",
      "resolved": "http://registry.npm.taobao.org/moment/download/moment-2.22.2.tgz",
      "integrity": "sha1-PCV/mDn8DpP/UxSWMiOeuQeD/2Y="
    },
    "ms": {
      "version": "2.1.1",
      "resolved": "http://registry.npm.taobao.org/ms/download/ms-2.1.1.tgz",
      "integrity": "sha1-MKWGTrPrsKZvLr5tcnrwagnYbgo="
    },
    "rss-parser": {
      "version": "3.5.2",
      "resolved": "http://registry.npm.taobao.org/rss-parser/download/rss-parser-3.5.2.tgz",
      "integrity": "sha1-/KB2ONP9pDzv2zH296rlxYVqMXU=",
      "requires": {
        "entities": "1.1.1",
        "xml2js": "0.4.19"
      }
    },
    "sax": {
      "version": "1.2.4",
      "resolved": "http://registry.npm.taobao.org/sax/download/sax-1.2.4.tgz",
      "integrity": "sha1-KBYjTiN4vdxOU1T6tcqold9xANk="
    },
    "shallow-clone": {
      "version": "3.0.0",
      "resolved": "http://registry.npm.taobao.org/shallow-clone/download/shallow-clone-3.0.0.tgz",
      "integrity": "sha1-MXtwH6zOXnQtTATGTh1S+VfiKyg=",
      "requires": {
        "kind-of": "6.0.2"
      }
    },
    "simple-git": {
      "version": "1.105.0",
      "resolved": "http://registry.npm.taobao.org/simple-git/download/simple-git-1.105.0.tgz",
      "integrity": "sha1-xNzZA+iJKzTR7HOm2WUVdkLqoq0=",
      "requires": {
        "debug": "4.1.0"
      }
    },
    "underscore": {
      "version": "1.9.1",
      "resolved": "http://registry.npm.taobao.org/underscore/download/underscore-1.9.1.tgz",
      "integrity": "sha1-BtzjSg5op7q8KbNluOdLiSUgOWE="
    },
    "xml2js": {
      "version": "0.4.19",
      "resolved": "http://registry.npm.taobao.org/xml2js/download/xml2js-0.4.19.tgz",
      "integrity": "sha1-aGwg8hMgnpSr8NG88e+qKRx4J6c=",
      "requires": {
        "sax": "1.2.4",
        "xmlbuilder": "9.0.7"
      }
    },
    "xmlbuilder": {
      "version": "9.0.7",
      "resolved": "http://registry.npm.taobao.org/xmlbuilder/download/xmlbuilder-9.0.7.tgz",
      "integrity": "sha1-Ey7mPS7FVlxVfiD0wi35rKaGsQ0="
    }
  }
}
